
Microsoft Visual Studio Solution File, Format Version 12.00
# Visual Studio Version 16
VisualStudioVersion = 16.0.30128.74
MinimumVisualStudioVersion = 10.0.40219.1
Project("{FAE04EC0-301F-11D3-BF4B-00C04F79EFBC}") = "TodoApi", "TodoApi\TodoApi.csproj", "{79D2FE86-8E5D-4738-AC2C-0C2F10659FAB}"
EndProject
Global
	GlobalSection(SolutionConfigurationPlatforms) = preSolution
		Debug|Any CPU = Debug|Any CPU
		Release|Any CPU = Release|Any CPU
	EndGlobalSection
	GlobalSection(ProjectConfigurationPlatforms) = postSolution
		{79D2FE86-8E5D-4738-AC2C-0C2F10659FAB}.Debug|Any CPU.ActiveCfg = Debug|Any CPU
		{79D2FE86-8E5D-4738-AC2C-0C2F10659FAB}.Debug|Any CPU.Build.0 = Debug|Any CPU
		{79D2FE86-8E5D-4738-AC2C-0C2F10659FAB}.Release|Any CPU.ActiveCfg = Release|Any CPU
		{79D2FE86-8E5D-4738-AC2C-0C2F10659FAB}.Release|Any CPU.Build.0 = Release|Any CPU
	EndGlobalSection
	GlobalSection(SolutionProperties) = preSolution
		HideSolutionNode = FALSE
	EndGlobalSection
	GlobalSection(ExtensibilityGlobals) = postSolution
		SolutionGuid = {F9567A65-ABE5-4F15-A5A0-78CC5E91793D}
	EndGlobalSection
EndGlobal
